// !$*UTF8*$!
{
	archiveVersion = 1;
	classes = {
	};
	objectVersion = 46;
	objects = {

/* Begin PBXBuildFile section */
		049D280A1D28429E00FDE4CF /* AppDelegate.swift in Sources */ = {isa = PBXBuildFile; fileRef = 049D28091D28429E00FDE4CF /* AppDelegate.swift */; };
		049D280C1D28429E00FDE4CF /* ViewController.swift in Sources */ = {isa = PBXBuildFile; fileRef = 049D280B1D28429E00FDE4CF /* ViewController.swift */; };
		049D280F1D28429E00FDE4CF /* Main.storyboard in Resources */ = {isa = PBXBuildFile; fileRef = 049D280D1D28429E00FDE4CF /* Main.storyboard */; };
		049D28111D28429E00FDE4CF /* Assets.xcassets in Resources */ = {isa = PBXBuildFile; fileRef = 049D28101D28429E00FDE4CF /* Assets.xcassets */; };
		049D28141D28429E00FDE4CF /* LaunchScreen.storyboard in Resources */ = {isa = PBXBuildFile; fileRef = 049D28121D28429E00FDE4CF /* LaunchScreen.storyboard */; };
		049D281F1D28429F00FDE4CF /* My_Great_AppTests.swift in Sources */ = {isa = PBXBuildFile; fileRef = 049D281E1D28429F00FDE4CF /* My_Great_AppTests.swift */; };
		049D282A1D28429F00FDE4CF /* My_Great_AppUITests.swift in Sources */ = {isa = PBXBuildFile; fileRef = 049D28291D28429F00FDE4CF /* My_Great_AppUITests.swift */; };
/* End PBXBuildFile section */

/* Begin PBXContainerItemProxy section */
		049D281B1D28429F00FDE4CF /* PBXContainerItemProxy */ = {
			isa = PBXContainerItemProxy;
			containerPortal = 049D27FE1D28429E00FDE4CF /* Project object */;
			proxyType = 1;
			remoteGlobalIDString = 049D28051D28429E00FDE4CF;
			remoteInfo = "My Great App";
		};
		049D28261D28429F00FDE4CF /* PBXContainerItemProxy */ = {
			isa = PBXContainerItemProxy;
			containerPortal = 049D27FE1D28429E00FDE4CF /* Project object */;
			proxyType = 1;
			remoteGlobalIDString = 049D28051D28429E00FDE4CF;
			remoteInfo = "My Great App";
		};
/* End PBXContainerItemProxy section */

/* Begin PBXFileReference section */
		049D28061D28429E00FDE4CF /* My Great App.app */ = {isa = PBXFileReference; explicitFileType = wrapper.application; includeInIndex = 0; path = "My Great App.app"; sourceTree = BUILT_PRODUCTS_DIR; };
		049D28091D28429E00FDE4CF /* AppDelegate.swift */ = {isa = PBXFileReference; lastKnownFileType = sourcecode.swift; path = AppDelegate.swift; sourceTree = "<group>"; };
		049D280B1D28429E00FDE4CF /* ViewController.swift */ = {isa = PBXFileReference; lastKnownFileType = sourcecode.swift; path = ViewController.swift; sourceTree = "<group>"; };
		049D280E1D28429E00FDE4CF /* Base */ = {isa = PBXFileReference; lastKnownFileType = file.storyboard; name = Base; path = Base.lproj/Main.storyboard; sourceTree = "<group>"; };
		049D28101D28429E00FDE4CF /* Assets.xcassets */ = {isa = PBXFileReference; lastKnownFileType = folder.assetcatalog; path = Assets.xcassets; sourceTree = "<group>"; };
		049D28131D28429E00FDE4CF /* Base */ = {isa = PBXFileReference; lastKnownFileType = file.storyboard; name = Base; path = Base.lproj/LaunchScreen.storyboard; sourceTree = "<group>"; };
		049D28151D28429E00FDE4CF /* Info.plist */ = {isa = PBXFileReference; lastKnownFileType = text.plist.xml; path = Info.plist; sourceTree = "<group>"; };
		049D281A1D28429F00FDE4CF /* My Great AppTests.xctest */ = {isa = PBXFileReference; explicitFileType = wrapper.cfbundle; includeInIndex = 0; path = "My Great AppTests.xctest"; sourceTree = BUILT_PRODUCTS_DIR; };
		049D281E1D28429F00FDE4CF /* My_Great_AppTests.swift */ = {isa = PBXFileReference; lastKnownFileType = sourcecode.swift; path = My_Great_AppTests.swift; sourceTree = "<group>"; };
		049D28201D28429F00FDE4CF /* Info.plist */ = {isa = PBXFileReference; lastKnownFileType = text.plist.xml; path = Info.plist; sourceTree = "<group>"; };
		049D28251D28429F00FDE4CF /* My Great AppUITests.xctest */ = {isa = PBXFileReference; explicitFileType = wrapper.cfbundle; includeInIndex = 0; path = "My Great AppUITests.xctest"; sourceTree = BUILT_PRODUCTS_DIR; };
		049D28291D28429F00FDE4CF /* My_Great_AppUITests.swift */ = {isa = PBXFileReference; lastKnownFileType = sourcecode.swift; path = My_Great_AppUITests.swift; sourceTree = "<group>"; };
		049D282B1D28429F00FDE4CF /* Info.plist */ = {isa = PBXFileReference; lastKnownFileType = text.plist.xml; path = Info.plist; sourceTree = "<group>"; };
/* End PBXFileReference section */

/* Begin PBXFrameworksBuildPhase section */
		049D28031D28429E00FDE4CF /* Frameworks */ = {
			isa = PBXFrameworksBuildPhase;
			buildActionMask = 2147483647;
			files = (
			);
			runOnlyForDeploymentPostprocessing = 0;
		};
		049D28171D28429F00FDE4CF /* Frameworks */ = {
			isa = PBXFrameworksBuildPhase;
			buildActionMask = 2147483647;
			files = (
			);
			runOnlyForDeploymentPostprocessing = 0;
		};
		049D28221D28429F00FDE4CF /* Frameworks */ = {
			isa = PBXFrameworksBuildPhase;
			buildActionMask = 2147483647;
			files = (
			);
			runOnlyForDeploymentPostprocessing = 0;
		};
/* End PBXFrameworksBuildPhase section */

/* Begin PBXGroup section */
		049D27FD1D28429E00FDE4CF = {
			isa = PBXGroup;
			children = (
				049D28081D28429E00FDE4CF /* My Great App */,
				049D281D1D28429F00FDE4CF /* My Great AppTests */,
				049D28281D28429F00FDE4CF /* My Great AppUITests */,
				049D28071D28429E00FDE4CF /* Products */,
			);
			sourceTree = "<group>";
		};
		049D28071D28429E00FDE4CF /* Products */ = {
			isa = PBXGroup;
			children = (
				049D28061D28429E00FDE4CF /* My Great App.app */,
				049D281A1D28429F00FDE4CF /* My Great AppTests.xctest */,
				049D28251D28429F00FDE4CF /* My Great AppUITests.xctest */,
			);
			name = Products;
			sourceTree = "<group>";
		};
		049D28081D28429E00FDE4CF /* My Great App */ = {
			isa = PBXGroup;
			children = (
				049D28091D28429E00FDE4CF /* AppDelegate.swift */,
				049D280B1D28429E00FDE4CF /* ViewController.swift */,
				049D280D1D28429E00FDE4CF /* Main.storyboard */,
				049D28101D28429E00FDE4CF /* Assets.xcassets */,
				049D28121D28429E00FDE4CF /* LaunchScreen.storyboard */,
				049D28151D28429E00FDE4CF /* Info.plist */,
			);
			path = "My Great App";
			sourceTree = "<group>";
		};
		049D281D1D28429F00FDE4CF /* My Great AppTests */ = {
			isa = PBXGroup;
			children = (
				049D281E1D28429F00FDE4CF /* My_Great_AppTests.swift */,
				049D28201D28429F00FDE4CF /* Info.plist */,
			);
			path = "My Great AppTests";
			sourceTree = "<group>";
		};
		049D28281D28429F00FDE4CF /* My Great AppUITests */ = {
			isa = PBXGroup;
			children = (
				049D28291D28429F00FDE4CF /* My_Great_AppUITests.swift */,
				049D282B1D28429F00FDE4CF /* Info.plist */,
			);
			path = "My Great AppUITests";
			sourceTree = "<group>";
		};
/* End PBXGroup section */

/* Begin PBXNativeTarget section */
		049D28051D28429E00FDE4CF /* My Great App */ = {
			isa = PBXNativeTarget;
			buildConfigurationList = 049D282E1D28429F00FDE4CF /* Build configuration list for PBXNativeTarget "My Great App" */;
			buildPhases = (
				049D28021D28429E00FDE4CF /* Sources */,
				049D28031D28429E00FDE4CF /* Frameworks */,
				049D28041D28429E00FDE4CF /* Resources */,
			);
			buildRules = (
			);
			dependencies = (
			);
			name = "My Great App";
			productName = "My Great App";
			productReference = 049D28061D28429E00FDE4CF /* My Great App.app */;
			productType = "com.apple.product-type.application";
		};
		049D28191D28429F00FDE4CF /* My Great AppTests */ = {
			isa = PBXNativeTarget;
			buildConfigurationList = 049D28311D28429F00FDE4CF /* Build configuration list for PBXNativeTarget "My Great AppTests" */;
			buildPhases = (
				049D28161D28429F00FDE4CF /* Sources */,
				049D28171D28429F00FDE4CF /* Frameworks */,
				049D28181D28429F00FDE4CF /* Resources */,
			);
			buildRules = (
			);
			dependencies = (
				049D281C1D28429F00FDE4CF /* PBXTargetDependency */,
			);
			name = "My Great AppTests";
			productName = "My Great AppTests";
			productReference = 049D281A1D28429F00FDE4CF /* My Great AppTests.xctest */;
			productType = "com.apple.product-type.bundle.unit-test";
		};
		049D28241D28429F00FDE4CF /* My Great AppUITests */ = {
			isa = PBXNativeTarget;
			buildConfigurationList = 049D28341D28429F00FDE4CF /* Build configuration list for PBXNativeTarget "My Great AppUITests" */;
			buildPhases = (
				049D28211D28429F00FDE4CF /* Sources */,
				049D28221D28429F00FDE4CF /* Frameworks */,
				049D28231D28429F00FDE4CF /* Resources */,
			);
			buildRules = (
			);
			dependencies = (
				049D28271D28429F00FDE4CF /* PBXTargetDependency */,
			);
			name = "My Great AppUITests";
			productName = "My Great AppUITests";
			productReference = 049D28251D28429F00FDE4CF /* My Great AppUITests.xctest */;
			productType = "com.apple.product-type.bundle.ui-testing";
		};
/* End PBXNativeTarget section */

/* Begin PBXProject section */
		049D27FE1D28429E00FDE4CF /* Project object */ = {
			isa = PBXProject;
			attributes = {
				LastSwiftUpdateCheck = 0720;
				LastUpgradeCheck = 0720;
				ORGANIZATIONNAME = Serena;
				TargetAttributes = {
					049D28051D28429E00FDE4CF = {
						CreatedOnToolsVersion = 7.2;
					};
					049D28191D28429F00FDE4CF = {
						CreatedOnToolsVersion = 7.2;
						TestTargetID = 049D28051D28429E00FDE4CF;
					};
					049D28241D28429F00FDE4CF = {
						CreatedOnToolsVersion = 7.2;
						TestTargetID = 049D28051D28429E00FDE4CF;
					};
				};
			};
			buildConfigurationList = 049D28011D28429E00FDE4CF /* Build configuration list for PBXProject "My Great App" */;
			compatibilityVersion = "Xcode 3.2";
			developmentRegion = English;
			hasScannedForEncodings = 0;
			knownRegions = (
				en,
				Base,
			);
			mainGroup = 049D27FD1D28429E00FDE4CF;
			productRefGroup = 049D28071D28429E00FDE4CF /* Products */;
			projectDirPath = "";
			projectRoot = "";
			targets = (
				049D28051D28429E00FDE4CF /* My Great App */,
				049D28191D28429F00FDE4CF /* My Great AppTests */,
				049D28241D28429F00FDE4CF /* My Great AppUITests */,
			);
		};
/* End PBXProject section */

/* Begin PBXResourcesBuildPhase section */
		049D28041D28429E00FDE4CF /* Resources */ = {
			isa = PBXResourcesBuildPhase;
			buildActionMask = 2147483647;
			files = (
				049D28141D28429E00FDE4CF /* LaunchScreen.storyboard in Resources */,
				049D28111D28429E00FDE4CF /* Assets.xcassets in Resources */,
				049D280F1D28429E00FDE4CF /* Main.storyboard in Resources */,
			);
			runOnlyForDeploymentPostprocessing = 0;
		};
		049D28181D28429F00FDE4CF /* Resources */ = {
			isa = PBXResourcesBuildPhase;
			buildActionMask = 2147483647;
			files = (
			);
			runOnlyForDeploymentPostprocessing = 0;
		};
		049D28231D28429F00FDE4CF /* Resources */ = {
			isa = PBXResourcesBuildPhase;
			buildActionMask = 2147483647;
			files = (
			);
			runOnlyForDeploymentPostprocessing = 0;
		};
/* End PBXResourcesBuildPhase section */

/* Begin PBXSourcesBuildPhase section */
		049D28021D28429E00FDE4CF /* Sources */ = {
			isa = PBXSourcesBuildPhase;
			buildActionMask = 2147483647;
			files = (
				049D280C1D28429E00FDE4CF /* ViewController.swift in Sources */,
				049D280A1D28429E00FDE4CF /* AppDelegate.swift in Sources */,
			);
			runOnlyForDeploymentPostprocessing = 0;
		};
		049D28161D28429F00FDE4CF /* Sources */ = {
			isa = PBXSourcesBuildPhase;
			buildActionMask = 2147483647;
			files = (
				049D281F1D28429F00FDE4CF /* My_Great_AppTests.swift in Sources */,
			);
			runOnlyForDeploymentPostprocessing = 0;
		};
		049D28211D28429F00FDE4CF /* Sources */ = {
			isa = PBXSourcesBuildPhase;
			buildActionMask = 2147483647;
			files = (
				049D282A1D28429F00FDE4CF /* My_Great_AppUITests.swift in Sources */,
			);
			runOnlyForDeploymentPostprocessing = 0;
		};
/* End PBXSourcesBuildPhase section */

/* Begin PBXTargetDependency section */
		049D281C1D28429F00FDE4CF /* PBXTargetDependency */ = {
			isa = PBXTargetDependency;
			target = 049D28051D28429E00FDE4CF /* My Great App */;
			targetProxy = 049D281B1D28429F00FDE4CF /* PBXContainerItemProxy */;
		};
		049D28271D28429F00FDE4CF /* PBXTargetDependency */ = {
			isa = PBXTargetDependency;
			target = 049D28051D28429E00FDE4CF /* My Great App */;
			targetProxy = 049D28261D28429F00FDE4CF /* PBXContainerItemProxy */;
		};
/* End PBXTargetDependency section */

/* Begin PBXVariantGroup section */
		049D280D1D28429E00FDE4CF /* Main.storyboard */ = {
			isa = PBXVariantGroup;
			children = (
				049D280E1D28429E00FDE4CF /* Base */,
			);
			name = Main.storyboard;
			sourceTree = "<group>";
		};
		049D28121D28429E00FDE4CF /* LaunchScreen.storyboard */ = {
			isa = PBXVariantGroup;
			children = (
				049D28131D28429E00FDE4CF /* Base */,
			);
			name = LaunchScreen.storyboard;
			sourceTree = "<group>";
		};
/* End PBXVariantGroup section */

/* Begin XCBuildConfiguration section */
		049D282C1D28429F00FDE4CF /* Debug */ = {
			isa = XCBuildConfiguration;
			buildSettings = {
				ALWAYS_SEARCH_USER_PATHS = NO;
				CLANG_CXX_LANGUAGE_STANDARD = "gnu++0x";
				CLANG_CXX_LIBRARY = "libc++";
				CLANG_ENABLE_MODULES = YES;
				CLANG_ENABLE_OBJC_ARC = YES;
				CLANG_WARN_BOOL_CONVERSION = YES;
				CLANG_WARN_CONSTANT_CONVERSION = YES;
				CLANG_WARN_DIRECT_OBJC_ISA_USAGE = YES_ERROR;
				CLANG_WARN_EMPTY_BODY = YES;
				CLANG_WARN_ENUM_CONVERSION = YES;
				CLANG_WARN_INT_CONVERSION = YES;
				CLANG_WARN_OBJC_ROOT_CLASS = YES_ERROR;
				CLANG_WARN_UNREACHABLE_CODE = YES;
				CLANG_WARN__DUPLICATE_METHOD_MATCH = YES;
				"CODE_SIGN_IDENTITY[sdk=iphoneos*]" = "iPhone Developer";
				COPY_PHASE_STRIP = NO;
				DEBUG_INFORMATION_FORMAT = dwarf;
				ENABLE_STRICT_OBJC_MSGSEND = YES;
				ENABLE_TESTABILITY = YES;
				GCC_C_LANGUAGE_STANDARD = gnu99;
				GCC_DYNAMIC_NO_PIC = NO;
				GCC_NO_COMMON_BLOCKS = YES;
				GCC_OPTIMIZATION_LEVEL = 0;
				GCC_PREPROCESSOR_DEFINITIONS = (
					"DEBUG=1",
					"$(inherited)",
				);
				GCC_WARN_64_TO_32_BIT_CONVERSION = YES;
				GCC_WARN_ABOUT_RETURN_TYPE = YES_ERROR;
				GCC_WARN_UNDECLARED_SELECTOR = YES;
				GCC_WARN_UNINITIALIZED_AUTOS = YES_AGGRESSIVE;
				GCC_WARN_UNUSED_FUNCTION = YES;
				GCC_WARN_UNUSED_VARIABLE = YES;
				IPHONEOS_DEPLOYMENT_TARGET = 9.2;
				MTL_ENABLE_DEBUG_INFO = YES;
				ONLY_ACTIVE_ARCH = YES;
				SDKROOT = iphoneos;
				SWIFT_OPTIMIZATION_LEVEL = "-Onone";
				TARGETED_DEVICE_FAMILY = "1,2";
			};
			name = Debug;
		};
		049D282D1D28429F00FDE4CF /* Release */ = {
			isa = XCBuildConfiguration;
			buildSettings = {
				ALWAYS_SEARCH_USER_PATHS = NO;
				CLANG_CXX_LANGUAGE_STANDARD = "gnu++0x";
				CLANG_CXX_LIBRARY = "libc++";
				CLANG_ENABLE_MODULES = YES;
				CLANG_ENABLE_OBJC_ARC = YES;
				CLANG_WARN_BOOL_CONVERSION = YES;
				CLANG_WARN_CONSTANT_CONVERSION = YES;
				CLANG_WARN_DIRECT_OBJC_ISA_USAGE = YES_ERROR;
				CLANG_WARN_EMPTY_BODY = YES;
				CLANG_WARN_ENUM_CONVERSION = YES;
				CLANG_WARN_INT_CONVERSION = YES;
				CLANG_WARN_OBJC_ROOT_CLASS = YES_ERROR;
				CLANG_WARN_UNREACHABLE_CODE = YES;
				CLANG_WARN__DUPLICATE_METHOD_MATCH = YES;
				"CODE_SIGN_IDENTITY[sdk=iphoneos*]" = "iPhone Developer";
				COPY_PHASE_STRIP = NO;
				DEBUG_INFORMATION_FORMAT = "dwarf-with-dsym";
				ENABLE_NS_ASSERTIONS = NO;
				ENABLE_STRICT_OBJC_MSGSEND = YES;
				GCC_C_LANGUAGE_STANDARD = gnu99;
				GCC_NO_COMMON_BLOCKS = YES;
				GCC_WARN_64_TO_32_BIT_CONVERSION = YES;
				GCC_WARN_ABOUT_RETURN_TYPE = YES_ERROR;
				GCC_WARN_UNDECLARED_SELECTOR = YES;
				GCC_WARN_UNINITIALIZED_AUTOS = YES_AGGRESSIVE;
				GCC_WARN_UNUSED_FUNCTION = YES;
				GCC_WARN_UNUSED_VARIABLE = YES;
				IPHONEOS_DEPLOYMENT_TARGET = 9.2;
				MTL_ENABLE_DEBUG_INFO = NO;
				SDKROOT = iphoneos;
				TARGETED_DEVICE_FAMILY = "1,2";
				VALIDATE_PRODUCT = YES;
			};
			name = Release;
		};
		049D282F1D28429F00FDE4CF /* Debug */ = {
			isa = XCBuildConfiguration;
			buildSettings = {
				ASSETCATALOG_COMPILER_APPICON_NAME = AppIcon;
				INFOPLIST_FILE = "My Great App/Info.plist";
				LD_RUNPATH_SEARCH_PATHS = "$(inherited) @executable_path/Frameworks";
				PRODUCT_BUNDLE_IDENTIFIER = "com.Serena.My-Great-App";
				PRODUCT_NAME = "$(TARGET_NAME)";
			};
			name = Debug;
		};
		049D28301D28429F00FDE4CF /* Release */ = {
			isa = XCBuildConfiguration;
			buildSettings = {
				ASSETCATALOG_COMPILER_APPICON_NAME = AppIcon;
				INFOPLIST_FILE = "My Great App/Info.plist";
				LD_RUNPATH_SEARCH_PATHS = "$(inherited) @executable_path/Frameworks";
				PRODUCT_BUNDLE_IDENTIFIER = "com.Serena.My-Great-App";
				PRODUCT_NAME = "$(TARGET_NAME)";
			};
			name = Release;
		};
		049D28321D28429F00FDE4CF /* Debug */ = {
			isa = XCBuildConfiguration;
			buildSettings = {
				BUNDLE_LOADER = "$(TEST_HOST)";
				INFOPLIST_FILE = "My Great AppTests/Info.plist";
				LD_RUNPATH_SEARCH_PATHS = "$(inherited) @executable_path/Frameworks @loader_path/Frameworks";
				PRODUCT_BUNDLE_IDENTIFIER = "com.Serena.My-Great-AppTests";
				PRODUCT_NAME = "$(TARGET_NAME)";
				TEST_HOST = "$(BUILT_PRODUCTS_DIR)/My Great App.app/My Great App";
			};
			name = Debug;
		};
		049D28331D28429F00FDE4CF /* Release */ = {
			isa = XCBuildConfiguration;
			buildSettings = {
				BUNDLE_LOADER = "$(TEST_HOST)";
				INFOPLIST_FILE = "My Great AppTests/Info.plist";
				LD_RUNPATH_SEARCH_PATHS = "$(inherited) @executable_path/Frameworks @loader_path/Frameworks";
				PRODUCT_BUNDLE_IDENTIFIER = "com.Serena.My-Great-AppTests";
				PRODUCT_NAME = "$(TARGET_NAME)";
				TEST_HOST = "$(BUILT_PRODUCTS_DIR)/My Great App.app/My Great App";
			};
			name = Release;
		};
		049D28351D28429F00FDE4CF /* Debug */ = {
			isa = XCBuildConfiguration;
			buildSettings = {
				INFOPLIST_FILE = "My Great AppUITests/Info.plist";
				LD_RUNPATH_SEARCH_PATHS = "$(inherited) @executable_path/Frameworks @loader_path/Frameworks";
				PRODUCT_BUNDLE_IDENTIFIER = "com.Serena.My-Great-AppUITests";
				PRODUCT_NAME = "$(TARGET_NAME)";
				TEST_TARGET_NAME = "My Great App";
				USES_XCTRUNNER = YES;
			};
			name = Debug;
		};
		049D28361D28429F00FDE4CF /* Release */ = {
			isa = XCBuildConfiguration;
			buildSettings = {
				INFOPLIST_FILE = "My Great AppUITests/Info.plist";
				LD_RUNPATH_SEARCH_PATHS = "$(inherited) @executable_path/Frameworks @loader_path/Frameworks";
				PRODUCT_BUNDLE_IDENTIFIER = "com.Serena.My-Great-AppUITests";
				PRODUCT_NAME = "$(TARGET_NAME)";
				TEST_TARGET_NAME = "My Great App";
				USES_XCTRUNNER = YES;
			};
			name = Release;
		};
/* End XCBuildConfiguration section */

/* Begin XCConfigurationList section */
		049D28011D28429E00FDE4CF /* Build configuration list for PBXProject "My Great App" */ = {
			isa = XCConfigurationList;
			buildConfigurations = (
				049D282C1D28429F00FDE4CF /* Debug */,
				049D282D1D28429F00FDE4CF /* Release */,
			);
			defaultConfigurationIsVisible = 0;
			defaultConfigurationName = Release;
		};
		049D282E1D28429F00FDE4CF /* Build configuration list for PBXNativeTarget "My Great App" */ = {
			isa = XCConfigurationList;
			buildConfigurations = (
				049D282F1D28429F00FDE4CF /* Debug */,
				049D28301D28429F00FDE4CF /* Release */,
			);
			defaultConfigurationIsVisible = 0;
		};
		049D28311D28429F00FDE4CF /* Build configuration list for PBXNativeTarget "My Great AppTests" */ = {
			isa = XCConfigurationList;
			buildConfigurations = (
				049D28321D28429F00FDE4CF /* Debug */,
				049D28331D28429F00FDE4CF /* Release */,
			);
			defaultConfigurationIsVisible = 0;
		};
		049D28341D28429F00FDE4CF /* Build configuration list for PBXNativeTarget "My Great AppUITests" */ = {
			isa = XCConfigurationList;
			buildConfigurations = (
				049D28351D28429F00FDE4CF /* Debug */,
				049D28361D28429F00FDE4CF /* Release */,
			);
			defaultConfigurationIsVisible = 0;
		};
/* End XCConfigurationList section */
	};
	rootObject = 049D27FE1D28429E00FDE4CF /* Project object */;
}
