// !$*UTF8*$!
{
	archiveVersion = 1;
	classes = {
	};
	objectVersion = 46;
	objects = {

/* Begin PBXBuildFile section */
		04C45C721D36BAC20033B8AF /* AppDelegate.swift in Sources */ = {isa = PBXBuildFile; fileRef = 04C45C711D36BAC20033B8AF /* AppDelegate.swift */; };
		04C45C741D36BAC20033B8AF /* ViewController.swift in Sources */ = {isa = PBXBuildFile; fileRef = 04C45C731D36BAC20033B8AF /* ViewController.swift */; };
		04C45C771D36BAC20033B8AF /* Main.storyboard in Resources */ = {isa = PBXBuildFile; fileRef = 04C45C751D36BAC20033B8AF /* Main.storyboard */; };
		04C45C791D36BAC20033B8AF /* Assets.xcassets in Resources */ = {isa = PBXBuildFile; fileRef = 04C45C781D36BAC20033B8AF /* Assets.xcassets */; };
		04C45C7C1D36BAC20033B8AF /* LaunchScreen.storyboard in Resources */ = {isa = PBXBuildFile; fileRef = 04C45C7A1D36BAC20033B8AF /* LaunchScreen.storyboard */; };
		04C45C841D37D9870033B8AF /* RGBAImage.swift in Sources */ = {isa = PBXBuildFile; fileRef = 04C45C831D37D9870033B8AF /* RGBAImage.swift */; };
/* End PBXBuildFile section */

/* Begin PBXFileReference section */
		04C45C6E1D36BAC20033B8AF /* Filterer.app */ = {isa = PBXFileReference; explicitFileType = wrapper.application; includeInIndex = 0; path = Filterer.app; sourceTree = BUILT_PRODUCTS_DIR; };
		04C45C711D36BAC20033B8AF /* AppDelegate.swift */ = {isa = PBXFileReference; lastKnownFileType = sourcecode.swift; path = AppDelegate.swift; sourceTree = "<group>"; };
		04C45C731D36BAC20033B8AF /* ViewController.swift */ = {isa = PBXFileReference; lastKnownFileType = sourcecode.swift; path = ViewController.swift; sourceTree = "<group>"; };
		04C45C761D36BAC20033B8AF /* Base */ = {isa = PBXFileReference; lastKnownFileType = file.storyboard; name = Base; path = Base.lproj/Main.storyboard; sourceTree = "<group>"; };
		04C45C781D36BAC20033B8AF /* Assets.xcassets */ = {isa = PBXFileReference; lastKnownFileType = folder.assetcatalog; path = Assets.xcassets; sourceTree = "<group>"; };
		04C45C7B1D36BAC20033B8AF /* Base */ = {isa = PBXFileReference; lastKnownFileType = file.storyboard; name = Base; path = Base.lproj/LaunchScreen.storyboard; sourceTree = "<group>"; };
		04C45C7D1D36BAC20033B8AF /* Info.plist */ = {isa = PBXFileReference; lastKnownFileType = text.plist.xml; path = Info.plist; sourceTree = "<group>"; };
		04C45C831D37D9870033B8AF /* RGBAImage.swift */ = {isa = PBXFileReference; fileEncoding = 4; lastKnownFileType = sourcecode.swift; path = RGBAImage.swift; sourceTree = "<group>"; };
/* End PBXFileReference section */

/* Begin PBXFrameworksBuildPhase section */
		04C45C6B1D36BAC20033B8AF /* Frameworks */ = {
			isa = PBXFrameworksBuildPhase;
			buildActionMask = 2147483647;
			files = (
			);
			runOnlyForDeploymentPostprocessing = 0;
		};
/* End PBXFrameworksBuildPhase section */

/* Begin PBXGroup section */
		04C45C651D36BAC20033B8AF = {
			isa = PBXGroup;
			children = (
				04C45C701D36BAC20033B8AF /* Filterer */,
				04C45C6F1D36BAC20033B8AF /* Products */,
			);
			sourceTree = "<group>";
		};
		04C45C6F1D36BAC20033B8AF /* Products */ = {
			isa = PBXGroup;
			children = (
				04C45C6E1D36BAC20033B8AF /* Filterer.app */,
			);
			name = Products;
			sourceTree = "<group>";
		};
		04C45C701D36BAC20033B8AF /* Filterer */ = {
			isa = PBXGroup;
			children = (
				04C45C711D36BAC20033B8AF /* AppDelegate.swift */,
				04C45C731D36BAC20033B8AF /* ViewController.swift */,
				04C45C831D37D9870033B8AF /* RGBAImage.swift */,
				04C45C751D36BAC20033B8AF /* Main.storyboard */,
				04C45C781D36BAC20033B8AF /* Assets.xcassets */,
				04C45C7A1D36BAC20033B8AF /* LaunchScreen.storyboard */,
				04C45C7D1D36BAC20033B8AF /* Info.plist */,
			);
			path = Filterer;
			sourceTree = "<group>";
		};
/* End PBXGroup section */

/* Begin PBXNativeTarget section */
		04C45C6D1D36BAC20033B8AF /* Filterer */ = {
			isa = PBXNativeTarget;
			buildConfigurationList = 04C45C801D36BAC20033B8AF /* Build configuration list for PBXNativeTarget "Filterer" */;
			buildPhases = (
				04C45C6A1D36BAC20033B8AF /* Sources */,
				04C45C6B1D36BAC20033B8AF /* Frameworks */,
				04C45C6C1D36BAC20033B8AF /* Resources */,
			);
			buildRules = (
			);
			dependencies = (
			);
			name = Filterer;
			productName = Filterer;
			productReference = 04C45C6E1D36BAC20033B8AF /* Filterer.app */;
			productType = "com.apple.product-type.application";
		};
/* End PBXNativeTarget section */

/* Begin PBXProject section */
		04C45C661D36BAC20033B8AF /* Project object */ = {
			isa = PBXProject;
			attributes = {
				LastSwiftUpdateCheck = 0720;
				LastUpgradeCheck = 0720;
				ORGANIZATIONNAME = Serena;
				TargetAttributes = {
					04C45C6D1D36BAC20033B8AF = {
						CreatedOnToolsVersion = 7.2;
					};
				};
			};
			buildConfigurationList = 04C45C691D36BAC20033B8AF /* Build configuration list for PBXProject "Filterer" */;
			compatibilityVersion = "Xcode 3.2";
			developmentRegion = English;
			hasScannedForEncodings = 0;
			knownRegions = (
				en,
				Base,
			);
			mainGroup = 04C45C651D36BAC20033B8AF;
			productRefGroup = 04C45C6F1D36BAC20033B8AF /* Products */;
			projectDirPath = "";
			projectRoot = "";
			targets = (
				04C45C6D1D36BAC20033B8AF /* Filterer */,
			);
		};
/* End PBXProject section */

/* Begin PBXResourcesBuildPhase section */
		04C45C6C1D36BAC20033B8AF /* Resources */ = {
			isa = PBXResourcesBuildPhase;
			buildActionMask = 2147483647;
			files = (
				04C45C7C1D36BAC20033B8AF /* LaunchScreen.storyboard in Resources */,
				04C45C791D36BAC20033B8AF /* Assets.xcassets in Resources */,
				04C45C771D36BAC20033B8AF /* Main.storyboard in Resources */,
			);
			runOnlyForDeploymentPostprocessing = 0;
		};
/* End PBXResourcesBuildPhase section */

/* Begin PBXSourcesBuildPhase section */
		04C45C6A1D36BAC20033B8AF /* Sources */ = {
			isa = PBXSourcesBuildPhase;
			buildActionMask = 2147483647;
			files = (
				04C45C741D36BAC20033B8AF /* ViewController.swift in Sources */,
				04C45C841D37D9870033B8AF /* RGBAImage.swift in Sources */,
				04C45C721D36BAC20033B8AF /* AppDelegate.swift in Sources */,
			);
			runOnlyForDeploymentPostprocessing = 0;
		};
/* End PBXSourcesBuildPhase section */

/* Begin PBXVariantGroup section */
		04C45C751D36BAC20033B8AF /* Main.storyboard */ = {
			isa = PBXVariantGroup;
			children = (
				04C45C761D36BAC20033B8AF /* Base */,
			);
			name = Main.storyboard;
			sourceTree = "<group>";
		};
		04C45C7A1D36BAC20033B8AF /* LaunchScreen.storyboard */ = {
			isa = PBXVariantGroup;
			children = (
				04C45C7B1D36BAC20033B8AF /* Base */,
			);
			name = LaunchScreen.storyboard;
			sourceTree = "<group>";
		};
/* End PBXVariantGroup section */

/* Begin XCBuildConfiguration section */
		04C45C7E1D36BAC20033B8AF /* Debug */ = {
			isa = XCBuildConfiguration;
			buildSettings = {
				ALWAYS_SEARCH_USER_PATHS = NO;
				CLANG_CXX_LANGUAGE_STANDARD = "gnu++0x";
				CLANG_CXX_LIBRARY = "libc++";
				CLANG_ENABLE_MODULES = YES;
				CLANG_ENABLE_OBJC_ARC = YES;
				CLANG_WARN_BOOL_CONVERSION = YES;
				CLANG_WARN_CONSTANT_CONVERSION = YES;
				CLANG_WARN_DIRECT_OBJC_ISA_USAGE = YES_ERROR;
				CLANG_WARN_EMPTY_BODY = YES;
				CLANG_WARN_ENUM_CONVERSION = YES;
				CLANG_WARN_INT_CONVERSION = YES;
				CLANG_WARN_OBJC_ROOT_CLASS = YES_ERROR;
				CLANG_WARN_UNREACHABLE_CODE = YES;
				CLANG_WARN__DUPLICATE_METHOD_MATCH = YES;
				"CODE_SIGN_IDENTITY[sdk=iphoneos*]" = "iPhone Developer";
				COPY_PHASE_STRIP = NO;
				DEBUG_INFORMATION_FORMAT = dwarf;
				ENABLE_STRICT_OBJC_MSGSEND = YES;
				ENABLE_TESTABILITY = YES;
				GCC_C_LANGUAGE_STANDARD = gnu99;
				GCC_DYNAMIC_NO_PIC = NO;
				GCC_NO_COMMON_BLOCKS = YES;
				GCC_OPTIMIZATION_LEVEL = 0;
				GCC_PREPROCESSOR_DEFINITIONS = (
					"DEBUG=1",
					"$(inherited)",
				);
				GCC_WARN_64_TO_32_BIT_CONVERSION = YES;
				GCC_WARN_ABOUT_RETURN_TYPE = YES_ERROR;
				GCC_WARN_UNDECLARED_SELECTOR = YES;
				GCC_WARN_UNINITIALIZED_AUTOS = YES_AGGRESSIVE;
				GCC_WARN_UNUSED_FUNCTION = YES;
				GCC_WARN_UNUSED_VARIABLE = YES;
				IPHONEOS_DEPLOYMENT_TARGET = 9.2;
				MTL_ENABLE_DEBUG_INFO = YES;
				ONLY_ACTIVE_ARCH = YES;
				SDKROOT = iphoneos;
				SWIFT_OPTIMIZATION_LEVEL = "-Onone";
				TARGETED_DEVICE_FAMILY = "1,2";
			};
			name = Debug;
		};
		04C45C7F1D36BAC20033B8AF /* Release */ = {
			isa = XCBuildConfiguration;
			buildSettings = {
				ALWAYS_SEARCH_USER_PATHS = NO;
				CLANG_CXX_LANGUAGE_STANDARD = "gnu++0x";
				CLANG_CXX_LIBRARY = "libc++";
				CLANG_ENABLE_MODULES = YES;
				CLANG_ENABLE_OBJC_ARC = YES;
				CLANG_WARN_BOOL_CONVERSION = YES;
				CLANG_WARN_CONSTANT_CONVERSION = YES;
				CLANG_WARN_DIRECT_OBJC_ISA_USAGE = YES_ERROR;
				CLANG_WARN_EMPTY_BODY = YES;
				CLANG_WARN_ENUM_CONVERSION = YES;
				CLANG_WARN_INT_CONVERSION = YES;
				CLANG_WARN_OBJC_ROOT_CLASS = YES_ERROR;
				CLANG_WARN_UNREACHABLE_CODE = YES;
				CLANG_WARN__DUPLICATE_METHOD_MATCH = YES;
				"CODE_SIGN_IDENTITY[sdk=iphoneos*]" = "iPhone Developer";
				COPY_PHASE_STRIP = NO;
				DEBUG_INFORMATION_FORMAT = "dwarf-with-dsym";
				ENABLE_NS_ASSERTIONS = NO;
				ENABLE_STRICT_OBJC_MSGSEND = YES;
				GCC_C_LANGUAGE_STANDARD = gnu99;
				GCC_NO_COMMON_BLOCKS = YES;
				GCC_WARN_64_TO_32_BIT_CONVERSION = YES;
				GCC_WARN_ABOUT_RETURN_TYPE = YES_ERROR;
				GCC_WARN_UNDECLARED_SELECTOR = YES;
				GCC_WARN_UNINITIALIZED_AUTOS = YES_AGGRESSIVE;
				GCC_WARN_UNUSED_FUNCTION = YES;
				GCC_WARN_UNUSED_VARIABLE = YES;
				IPHONEOS_DEPLOYMENT_TARGET = 9.2;
				MTL_ENABLE_DEBUG_INFO = NO;
				SDKROOT = iphoneos;
				TARGETED_DEVICE_FAMILY = "1,2";
				VALIDATE_PRODUCT = YES;
			};
			name = Release;
		};
		04C45C811D36BAC20033B8AF /* Debug */ = {
			isa = XCBuildConfiguration;
			buildSettings = {
				ASSETCATALOG_COMPILER_APPICON_NAME = AppIcon;
				INFOPLIST_FILE = Filterer/Info.plist;
				IPHONEOS_DEPLOYMENT_TARGET = 9.0;
				LD_RUNPATH_SEARCH_PATHS = "$(inherited) @executable_path/Frameworks";
				PRODUCT_BUNDLE_IDENTIFIER = com.Serena.Filterer;
				PRODUCT_NAME = "$(TARGET_NAME)";
			};
			name = Debug;
		};
		04C45C821D36BAC20033B8AF /* Release */ = {
			isa = XCBuildConfiguration;
			buildSettings = {
				ASSETCATALOG_COMPILER_APPICON_NAME = AppIcon;
				INFOPLIST_FILE = Filterer/Info.plist;
				IPHONEOS_DEPLOYMENT_TARGET = 9.0;
				LD_RUNPATH_SEARCH_PATHS = "$(inherited) @executable_path/Frameworks";
				PRODUCT_BUNDLE_IDENTIFIER = com.Serena.Filterer;
				PRODUCT_NAME = "$(TARGET_NAME)";
			};
			name = Release;
		};
/* End XCBuildConfiguration section */

/* Begin XCConfigurationList section */
		04C45C691D36BAC20033B8AF /* Build configuration list for PBXProject "Filterer" */ = {
			isa = XCConfigurationList;
			buildConfigurations = (
				04C45C7E1D36BAC20033B8AF /* Debug */,
				04C45C7F1D36BAC20033B8AF /* Release */,
			);
			defaultConfigurationIsVisible = 0;
			defaultConfigurationName = Release;
		};
		04C45C801D36BAC20033B8AF /* Build configuration list for PBXNativeTarget "Filterer" */ = {
			isa = XCConfigurationList;
			buildConfigurations = (
				04C45C811D36BAC20033B8AF /* Debug */,
				04C45C821D36BAC20033B8AF /* Release */,
			);
			defaultConfigurationIsVisible = 0;
		};
/* End XCConfigurationList section */
	};
	rootObject = 04C45C661D36BAC20033B8AF /* Project object */;
}
